
Microsoft Visual Studio Solution File, Format Version 12.00
# Visual Studio Version 17
VisualStudioVersion = 17.0.32014.148
MinimumVisualStudioVersion = 10.0.40219.1
Project("{9A19103F-16F7-4668-BE54-9A1E7A4F7556}") = "Doser", "Doser\Doser.csproj", "{18963164-DE26-40EB-87F0-E2B456D6256F}"
EndProject
Project("{9A19103F-16F7-4668-BE54-9A1E7A4F7556}") = "DoserTests", "DoserTests\DoserTests.csproj", "{AEB65491-8177-4DF7-8B03-B182028DE202}"
EndProject
Project("{FAE04EC0-301F-11D3-BF4B-00C04F79EFBC}") = "DoserBenchmark", "DoserBenchmark\DoserBenchmark.csproj", "{8837EEE7-493A-4B90-BF9F-37F3444EC2C1}"
EndProject
Global
	GlobalSection(SolutionConfigurationPlatforms) = preSolution
		Debug|Any CPU = Debug|Any CPU
		Debug|ARM = Debug|ARM
		Debug|Mixed Platforms = Debug|Mixed Platforms
		Debug|Win32 = Debug|Win32
		Debug|x64 = Debug|x64
		Release|Any CPU = Release|Any CPU
		Release|ARM = Release|ARM
		Release|Mixed Platforms = Release|Mixed Platforms
		Release|Win32 = Release|Win32
		Release|x64 = Release|x64
	EndGlobalSection
	GlobalSection(ProjectConfigurationPlatforms) = postSolution
		{18963164-DE26-40EB-87F0-E2B456D6256F}.Debug|Any CPU.ActiveCfg = Debug|Any CPU
		{18963164-DE26-40EB-87F0-E2B456D6256F}.Debug|Any CPU.Build.0 = Debug|Any CPU
		{18963164-DE26-40EB-87F0-E2B456D6256F}.Debug|ARM.ActiveCfg = Debug|Any CPU
		{18963164-DE26-40EB-87F0-E2B456D6256F}.Debug|ARM.Build.0 = Debug|Any CPU
		{18963164-DE26-40EB-87F0-E2B456D6256F}.Debug|Mixed Platforms.ActiveCfg = Debug|Any CPU
		{18963164-DE26-40EB-87F0-E2B456D6256F}.Debug|Mixed Platforms.Build.0 = Debug|Any CPU
		{18963164-DE26-40EB-87F0-E2B456D6256F}.Debug|Win32.ActiveCfg = Debug|Any CPU
		{18963164-DE26-40EB-87F0-E2B456D6256F}.Debug|Win32.Build.0 = Debug|Any CPU
		{18963164-DE26-40EB-87F0-E2B456D6256F}.Debug|x64.ActiveCfg = Debug|Any CPU
		{18963164-DE26-40EB-87F0-E2B456D6256F}.Debug|x64.Build.0 = Debug|Any CPU
		{18963164-DE26-40EB-87F0-E2B456D6256F}.Release|Any CPU.ActiveCfg = Release|Any CPU
		{18963164-DE26-40EB-87F0-E2B456D6256F}.Release|Any CPU.Build.0 = Release|Any CPU
		{18963164-DE26-40EB-87F0-E2B456D6256F}.Release|ARM.ActiveCfg = Release|Any CPU
		{18963164-DE26-40EB-87F0-E2B456D6256F}.Release|ARM.Build.0 = Release|Any CPU
		{18963164-DE26-40EB-87F0-E2B456D6256F}.Release|Mixed Platforms.ActiveCfg = Release|Any CPU
		{18963164-DE26-40EB-87F0-E2B456D6256F}.Release|Mixed Platforms.Build.0 = Release|Any CPU
		{18963164-DE26-40EB-87F0-E2B456D6256F}.Release|Win32.ActiveCfg = Release|Any CPU
		{18963164-DE26-40EB-87F0-E2B456D6256F}.Release|Win32.Build.0 = Release|Any CPU
		{18963164-DE26-40EB-87F0-E2B456D6256F}.Release|x64.ActiveCfg = Release|Any CPU
		{18963164-DE26-40EB-87F0-E2B456D6256F}.Release|x64.Build.0 = Release|Any CPU
		{AEB65491-8177-4DF7-8B03-B182028DE202}.Debug|Any CPU.ActiveCfg = Debug|Any CPU
		{AEB65491-8177-4DF7-8B03-B182028DE202}.Debug|Any CPU.Build.0 = Debug|Any CPU
		{AEB65491-8177-4DF7-8B03-B182028DE202}.Debug|ARM.ActiveCfg = Debug|Any CPU
		{AEB65491-8177-4DF7-8B03-B182028DE202}.Debug|ARM.Build.0 = Debug|Any CPU
		{AEB65491-8177-4DF7-8B03-B182028DE202}.Debug|Mixed Platforms.ActiveCfg = Debug|Any CPU
		{AEB65491-8177-4DF7-8B03-B182028DE202}.Debug|Mixed Platforms.Build.0 = Debug|Any CPU
		{AEB65491-8177-4DF7-8B03-B182028DE202}.Debug|Win32.ActiveCfg = Debug|Any CPU
		{AEB65491-8177-4DF7-8B03-B182028DE202}.Debug|Win32.Build.0 = Debug|Any CPU
		{AEB65491-8177-4DF7-8B03-B182028DE202}.Debug|x64.ActiveCfg = Debug|Any CPU
		{AEB65491-8177-4DF7-8B03-B182028DE202}.Debug|x64.Build.0 = Debug|Any CPU
		{AEB65491-8177-4DF7-8B03-B182028DE202}.Release|Any CPU.ActiveCfg = Release|Any CPU
		{AEB65491-8177-4DF7-8B03-B182028DE202}.Release|Any CPU.Build.0 = Release|Any CPU
		{AEB65491-8177-4DF7-8B03-B182028DE202}.Release|ARM.ActiveCfg = Release|Any CPU
		{AEB65491-8177-4DF7-8B03-B182028DE202}.Release|ARM.Build.0 = Release|Any CPU
		{AEB65491-8177-4DF7-8B03-B182028DE202}.Release|Mixed Platforms.ActiveCfg = Release|Any CPU
		{AEB65491-8177-4DF7-8B03-B182028DE202}.Release|Mixed Platforms.Build.0 = Release|Any CPU
		{AEB65491-8177-4DF7-8B03-B182028DE202}.Release|Win32.ActiveCfg = Release|Any CPU
		{AEB65491-8177-4DF7-8B03-B182028DE202}.Release|Win32.Build.0 = Release|Any CPU
		{AEB65491-8177-4DF7-8B03-B182028DE202}.Release|x64.ActiveCfg = Release|Any CPU
		{AEB65491-8177-4DF7-8B03-B182028DE202}.Release|x64.Build.0 = Release|Any CPU
		{8837EEE7-493A-4B90-BF9F-37F3444EC2C1}.Debug|Any CPU.ActiveCfg = Debug|Any CPU
		{8837EEE7-493A-4B90-BF9F-37F3444EC2C1}.Debug|Any CPU.Build.0 = Debug|Any CPU
		{8837EEE7-493A-4B90-BF9F-37F3444EC2C1}.Debug|ARM.ActiveCfg = Debug|Any CPU
		{8837EEE7-493A-4B90-BF9F-37F3444EC2C1}.Debug|ARM.Build.0 = Debug|Any CPU
		{8837EEE7-493A-4B90-BF9F-37F3444EC2C1}.Debug|Mixed Platforms.ActiveCfg = Debug|Any CPU
		{8837EEE7-493A-4B90-BF9F-37F3444EC2C1}.Debug|Mixed Platforms.Build.0 = Debug|Any CPU
		{8837EEE7-493A-4B90-BF9F-37F3444EC2C1}.Debug|Win32.ActiveCfg = Debug|Any CPU
		{8837EEE7-493A-4B90-BF9F-37F3444EC2C1}.Debug|Win32.Build.0 = Debug|Any CPU
		{8837EEE7-493A-4B90-BF9F-37F3444EC2C1}.Debug|x64.ActiveCfg = Debug|Any CPU
		{8837EEE7-493A-4B90-BF9F-37F3444EC2C1}.Debug|x64.Build.0 = Debug|Any CPU
		{8837EEE7-493A-4B90-BF9F-37F3444EC2C1}.Release|Any CPU.ActiveCfg = Release|Any CPU
		{8837EEE7-493A-4B90-BF9F-37F3444EC2C1}.Release|Any CPU.Build.0 = Release|Any CPU
		{8837EEE7-493A-4B90-BF9F-37F3444EC2C1}.Release|ARM.ActiveCfg = Release|Any CPU
		{8837EEE7-493A-4B90-BF9F-37F3444EC2C1}.Release|ARM.Build.0 = Release|Any CPU
		{8837EEE7-493A-4B90-BF9F-37F3444EC2C1}.Release|Mixed Platforms.ActiveCfg = Release|Any CPU
		{8837EEE7-493A-4B90-BF9F-37F3444EC2C1}.Release|Mixed Platforms.Build.0 = Release|Any CPU
		{8837EEE7-493A-4B90-BF9F-37F3444EC2C1}.Release|Win32.ActiveCfg = Release|Any CPU
		{8837EEE7-493A-4B90-BF9F-37F3444EC2C1}.Release|Win32.Build.0 = Release|Any CPU
		{8837EEE7-493A-4B90-BF9F-37F3444EC2C1}.Release|x64.ActiveCfg = Release|Any CPU
		{8837EEE7-493A-4B90-BF9F-37F3444EC2C1}.Release|x64.Build.0 = Release|Any CPU
	EndGlobalSection
	GlobalSection(SolutionProperties) = preSolution
		HideSolutionNode = FALSE
	EndGlobalSection
	GlobalSection(ExtensibilityGlobals) = postSolution
		SolutionGuid = {8BF24E0B-F4A7-4CC7-9319-6D2EA0580E6B}
	EndGlobalSection
EndGlobal
